
Microsoft Visual Studio Solution File, Format Version 12.00
# Visual Studio 2013
Project("{FAE04EC0-301F-11D3-BF4B-00C04F79EFBC}") = "UnityVS.GamesFleadhTest.CSharp", "UnityVS.GamesFleadhTest.CSharp.csproj", "{EA7D8A6B-B8AE-ABF8-D136-D5DEDF5281B8}"
EndProject
Project("{FAE04EC0-301F-11D3-BF4B-00C04F79EFBC}") = "UnityVS.GamesFleadhTest.CSharp.Editor", "UnityVS.GamesFleadhTest.CSharp.Editor.csproj", "{894627C5-5EE8-212D-715F-1FA68EB49D2F}"
EndProject
Global
	GlobalSection(SolutionConfigurationPlatforms) = preSolution
		Debug|Any CPU = Debug|Any CPU
		Release|Any CPU = Release|Any CPU
	EndGlobalSection
	GlobalSection(ProjectConfigurationPlatforms) = postSolution
		{EA7D8A6B-B8AE-ABF8-D136-D5DEDF5281B8}.Debug|Any CPU.ActiveCfg = Debug|Any CPU
		{EA7D8A6B-B8AE-ABF8-D136-D5DEDF5281B8}.Debug|Any CPU.Build.0 = Debug|Any CPU
		{EA7D8A6B-B8AE-ABF8-D136-D5DEDF5281B8}.Release|Any CPU.ActiveCfg = Release|Any CPU
		{EA7D8A6B-B8AE-ABF8-D136-D5DEDF5281B8}.Release|Any CPU.Build.0 = Release|Any CPU
		{894627C5-5EE8-212D-715F-1FA68EB49D2F}.Debug|Any CPU.ActiveCfg = Debug|Any CPU
		{894627C5-5EE8-212D-715F-1FA68EB49D2F}.Debug|Any CPU.Build.0 = Debug|Any CPU
		{894627C5-5EE8-212D-715F-1FA68EB49D2F}.Release|Any CPU.ActiveCfg = Release|Any CPU
		{894627C5-5EE8-212D-715F-1FA68EB49D2F}.Release|Any CPU.Build.0 = Release|Any CPU
	EndGlobalSection
	GlobalSection(SolutionProperties) = preSolution
		HideSolutionNode = FALSE
	EndGlobalSection
EndGlobal
